
Microsoft Visual Studio Solution File, Format Version 12.00
# Visual Studio Version 16
VisualStudioVersion = 16.0.30804.86
MinimumVisualStudioVersion = 10.0.40219.1
Project("{FAE04EC0-301F-11D3-BF4B-00C04F79EFBC}") = "Restaurantdatasystem", "Restaurantdatasystem\Restaurantdatasystem.csproj", "{8EF01A12-59CB-4D47-82AA-3C8DCE957265}"
EndProject
Global
	GlobalSection(SolutionConfigurationPlatforms) = preSolution
		Debug|Any CPU = Debug|Any CPU
		Release|Any CPU = Release|Any CPU
	EndGlobalSection
	GlobalSection(ProjectConfigurationPlatforms) = postSolution
		{8EF01A12-59CB-4D47-82AA-3C8DCE957265}.Debug|Any CPU.ActiveCfg = Debug|Any CPU
		{8EF01A12-59CB-4D47-82AA-3C8DCE957265}.Debug|Any CPU.Build.0 = Debug|Any CPU
		{8EF01A12-59CB-4D47-82AA-3C8DCE957265}.Release|Any CPU.ActiveCfg = Release|Any CPU
		{8EF01A12-59CB-4D47-82AA-3C8DCE957265}.Release|Any CPU.Build.0 = Release|Any CPU
	EndGlobalSection
	GlobalSection(SolutionProperties) = preSolution
		HideSolutionNode = FALSE
	EndGlobalSection
	GlobalSection(ExtensibilityGlobals) = postSolution
		SolutionGuid = {6ED0754A-5687-433D-980C-09A2CFD3A81B}
	EndGlobalSection
EndGlobal
